// !$*UTF8*$!
{
	archiveVersion = 1;
	classes = {
	};
	objectVersion = 48;
	objects = {

/* Begin PBXBuildFile section */
		EAD5B45B20547A350027B279 /* AppDelegate.swift in Sources */ = {isa = PBXBuildFile; fileRef = EAD5B45A20547A350027B279 /* AppDelegate.swift */; };
		EAD5B45D20547A350027B279 /* ViewController.swift in Sources */ = {isa = PBXBuildFile; fileRef = EAD5B45C20547A350027B279 /* ViewController.swift */; };
		EAD5B46020547A350027B279 /* Main.storyboard in Resources */ = {isa = PBXBuildFile; fileRef = EAD5B45E20547A350027B279 /* Main.storyboard */; };
		EAD5B46220547A350027B279 /* Assets.xcassets in Resources */ = {isa = PBXBuildFile; fileRef = EAD5B46120547A350027B279 /* Assets.xcassets */; };
		EAD5B46520547A350027B279 /* LaunchScreen.storyboard in Resources */ = {isa = PBXBuildFile; fileRef = EAD5B46320547A350027B279 /* LaunchScreen.storyboard */; };
		EAD5B46F20547E6E0027B279 /* Adele - Hello.mp3 in Resources */ = {isa = PBXBuildFile; fileRef = EAD5B46D20547E6E0027B279 /* Adele - Hello.mp3 */; };
		EAD5B47020547E6E0027B279 /* Adele - Skyfall (Lyric Video).mp3 in Resources */ = {isa = PBXBuildFile; fileRef = EAD5B46E20547E6E0027B279 /* Adele - Skyfall (Lyric Video).mp3 */; };
/* End PBXBuildFile section */

/* Begin PBXFileReference section */
		EAD5B45720547A350027B279 /* mediaPlayer.app */ = {isa = PBXFileReference; explicitFileType = wrapper.application; includeInIndex = 0; path = mediaPlayer.app; sourceTree = BUILT_PRODUCTS_DIR; };
		EAD5B45A20547A350027B279 /* AppDelegate.swift */ = {isa = PBXFileReference; lastKnownFileType = sourcecode.swift; path = AppDelegate.swift; sourceTree = "<group>"; };
		EAD5B45C20547A350027B279 /* ViewController.swift */ = {isa = PBXFileReference; lastKnownFileType = sourcecode.swift; path = ViewController.swift; sourceTree = "<group>"; };
		EAD5B45F20547A350027B279 /* Base */ = {isa = PBXFileReference; lastKnownFileType = file.storyboard; name = Base; path = Base.lproj/Main.storyboard; sourceTree = "<group>"; };
		EAD5B46120547A350027B279 /* Assets.xcassets */ = {isa = PBXFileReference; lastKnownFileType = folder.assetcatalog; path = Assets.xcassets; sourceTree = "<group>"; };
		EAD5B46420547A350027B279 /* Base */ = {isa = PBXFileReference; lastKnownFileType = file.storyboard; name = Base; path = Base.lproj/LaunchScreen.storyboard; sourceTree = "<group>"; };
		EAD5B46620547A350027B279 /* Info.plist */ = {isa = PBXFileReference; lastKnownFileType = text.plist.xml; path = Info.plist; sourceTree = "<group>"; };
		EAD5B46D20547E6E0027B279 /* Adele - Hello.mp3 */ = {isa = PBXFileReference; lastKnownFileType = audio.mp3; path = "Adele - Hello.mp3"; sourceTree = "<group>"; };
		EAD5B46E20547E6E0027B279 /* Adele - Skyfall (Lyric Video).mp3 */ = {isa = PBXFileReference; lastKnownFileType = audio.mp3; path = "Adele - Skyfall (Lyric Video).mp3"; sourceTree = "<group>"; };
/* End PBXFileReference section */

/* Begin PBXFrameworksBuildPhase section */
		EAD5B45420547A350027B279 /* Frameworks */ = {
			isa = PBXFrameworksBuildPhase;
			buildActionMask = 2147483647;
			files = (
			);
			runOnlyForDeploymentPostprocessing = 0;
		};
/* End PBXFrameworksBuildPhase section */

/* Begin PBXGroup section */
		EAD5B44E20547A350027B279 = {
			isa = PBXGroup;
			children = (
				EAD5B46C20547E560027B279 /* New Group */,
				EAD5B45920547A350027B279 /* mediaPlayer */,
				EAD5B45820547A350027B279 /* Products */,
			);
			sourceTree = "<group>";
		};
		EAD5B45820547A350027B279 /* Products */ = {
			isa = PBXGroup;
			children = (
				EAD5B45720547A350027B279 /* mediaPlayer.app */,
			);
			name = Products;
			sourceTree = "<group>";
		};
		EAD5B45920547A350027B279 /* mediaPlayer */ = {
			isa = PBXGroup;
			children = (
				EAD5B45A20547A350027B279 /* AppDelegate.swift */,
				EAD5B45C20547A350027B279 /* ViewController.swift */,
				EAD5B45E20547A350027B279 /* Main.storyboard */,
				EAD5B46120547A350027B279 /* Assets.xcassets */,
				EAD5B46320547A350027B279 /* LaunchScreen.storyboard */,
				EAD5B46620547A350027B279 /* Info.plist */,
			);
			path = mediaPlayer;
			sourceTree = "<group>";
		};
		EAD5B46C20547E560027B279 /* New Group */ = {
			isa = PBXGroup;
			children = (
				EAD5B46E20547E6E0027B279 /* Adele - Skyfall (Lyric Video).mp3 */,
				EAD5B46D20547E6E0027B279 /* Adele - Hello.mp3 */,
			);
			path = "New Group";
			sourceTree = "<group>";
		};
/* End PBXGroup section */

/* Begin PBXNativeTarget section */
		EAD5B45620547A350027B279 /* mediaPlayer */ = {
			isa = PBXNativeTarget;
			buildConfigurationList = EAD5B46920547A350027B279 /* Build configuration list for PBXNativeTarget "mediaPlayer" */;
			buildPhases = (
				EAD5B45320547A350027B279 /* Sources */,
				EAD5B45420547A350027B279 /* Frameworks */,
				EAD5B45520547A350027B279 /* Resources */,
			);
			buildRules = (
			);
			dependencies = (
			);
			name = mediaPlayer;
			productName = mediaPlayer;
			productReference = EAD5B45720547A350027B279 /* mediaPlayer.app */;
			productType = "com.apple.product-type.application";
		};
/* End PBXNativeTarget section */

/* Begin PBXProject section */
		EAD5B44F20547A350027B279 /* Project object */ = {
			isa = PBXProject;
			attributes = {
				LastSwiftUpdateCheck = 0920;
				LastUpgradeCheck = 0920;
				ORGANIZATIONNAME = YOUGG;
				TargetAttributes = {
					EAD5B45620547A350027B279 = {
						CreatedOnToolsVersion = 9.2;
						ProvisioningStyle = Automatic;
						SystemCapabilities = {
							com.apple.BackgroundModes = {
								enabled = 1;
							};
						};
					};
				};
			};
			buildConfigurationList = EAD5B45220547A350027B279 /* Build configuration list for PBXProject "mediaPlayer" */;
			compatibilityVersion = "Xcode 8.0";
			developmentRegion = en;
			hasScannedForEncodings = 0;
			knownRegions = (
				en,
				Base,
			);
			mainGroup = EAD5B44E20547A350027B279;
			productRefGroup = EAD5B45820547A350027B279 /* Products */;
			projectDirPath = "";
			projectRoot = "";
			targets = (
				EAD5B45620547A350027B279 /* mediaPlayer */,
			);
		};
/* End PBXProject section */

/* Begin PBXResourcesBuildPhase section */
		EAD5B45520547A350027B279 /* Resources */ = {
			isa = PBXResourcesBuildPhase;
			buildActionMask = 2147483647;
			files = (
				EAD5B46520547A350027B279 /* LaunchScreen.storyboard in Resources */,
				EAD5B46220547A350027B279 /* Assets.xcassets in Resources */,
				EAD5B47020547E6E0027B279 /* Adele - Skyfall (Lyric Video).mp3 in Resources */,
				EAD5B46020547A350027B279 /* Main.storyboard in Resources */,
				EAD5B46F20547E6E0027B279 /* Adele - Hello.mp3 in Resources */,
			);
			runOnlyForDeploymentPostprocessing = 0;
		};
/* End PBXResourcesBuildPhase section */

/* Begin PBXSourcesBuildPhase section */
		EAD5B45320547A350027B279 /* Sources */ = {
			isa = PBXSourcesBuildPhase;
			buildActionMask = 2147483647;
			files = (
				EAD5B45D20547A350027B279 /* ViewController.swift in Sources */,
				EAD5B45B20547A350027B279 /* AppDelegate.swift in Sources */,
			);
			runOnlyForDeploymentPostprocessing = 0;
		};
/* End PBXSourcesBuildPhase section */

/* Begin PBXVariantGroup section */
		EAD5B45E20547A350027B279 /* Main.storyboard */ = {
			isa = PBXVariantGroup;
			children = (
				EAD5B45F20547A350027B279 /* Base */,
			);
			name = Main.storyboard;
			sourceTree = "<group>";
		};
		EAD5B46320547A350027B279 /* LaunchScreen.storyboard */ = {
			isa = PBXVariantGroup;
			children = (
				EAD5B46420547A350027B279 /* Base */,
			);
			name = LaunchScreen.storyboard;
			sourceTree = "<group>";
		};
/* End PBXVariantGroup section */

/* Begin XCBuildConfiguration section */
		EAD5B46720547A350027B279 /* Debug */ = {
			isa = XCBuildConfiguration;
			buildSettings = {
				ALWAYS_SEARCH_USER_PATHS = NO;
				CLANG_ANALYZER_NONNULL = YES;
				CLANG_ANALYZER_NUMBER_OBJECT_CONVERSION = YES_AGGRESSIVE;
				CLANG_CXX_LANGUAGE_STANDARD = "gnu++14";
				CLANG_CXX_LIBRARY = "libc++";
				CLANG_ENABLE_MODULES = YES;
				CLANG_ENABLE_OBJC_ARC = YES;
				CLANG_WARN_BLOCK_CAPTURE_AUTORELEASING = YES;
				CLANG_WARN_BOOL_CONVERSION = YES;
				CLANG_WARN_COMMA = YES;
				CLANG_WARN_CONSTANT_CONVERSION = YES;
				CLANG_WARN_DIRECT_OBJC_ISA_USAGE = YES_ERROR;
				CLANG_WARN_DOCUMENTATION_COMMENTS = YES;
				CLANG_WARN_EMPTY_BODY = YES;
				CLANG_WARN_ENUM_CONVERSION = YES;
				CLANG_WARN_INFINITE_RECURSION = YES;
				CLANG_WARN_INT_CONVERSION = YES;
				CLANG_WARN_NON_LITERAL_NULL_CONVERSION = YES;
				CLANG_WARN_OBJC_LITERAL_CONVERSION = YES;
				CLANG_WARN_OBJC_ROOT_CLASS = YES_ERROR;
				CLANG_WARN_RANGE_LOOP_ANALYSIS = YES;
				CLANG_WARN_STRICT_PROTOTYPES = YES;
				CLANG_WARN_SUSPICIOUS_MOVE = YES;
				CLANG_WARN_UNGUARDED_AVAILABILITY = YES_AGGRESSIVE;
				CLANG_WARN_UNREACHABLE_CODE = YES;
				CLANG_WARN__DUPLICATE_METHOD_MATCH = YES;
				CODE_SIGN_IDENTITY = "iPhone Developer";
				COPY_PHASE_STRIP = NO;
				DEBUG_INFORMATION_FORMAT = dwarf;
				ENABLE_STRICT_OBJC_MSGSEND = YES;
				ENABLE_TESTABILITY = YES;
				GCC_C_LANGUAGE_STANDARD = gnu11;
				GCC_DYNAMIC_NO_PIC = NO;
				GCC_NO_COMMON_BLOCKS = YES;
				GCC_OPTIMIZATION_LEVEL = 0;
				GCC_PREPROCESSOR_DEFINITIONS = (
					"DEBUG=1",
					"$(inherited)",
				);
				GCC_WARN_64_TO_32_BIT_CONVERSION = YES;
				GCC_WARN_ABOUT_RETURN_TYPE = YES_ERROR;
				GCC_WARN_UNDECLARED_SELECTOR = YES;
				GCC_WARN_UNINITIALIZED_AUTOS = YES_AGGRESSIVE;
				GCC_WARN_UNUSED_FUNCTION = YES;
				GCC_WARN_UNUSED_VARIABLE = YES;
				IPHONEOS_DEPLOYMENT_TARGET = 11.2;
				MTL_ENABLE_DEBUG_INFO = YES;
				ONLY_ACTIVE_ARCH = YES;
				SDKROOT = iphoneos;
				SWIFT_ACTIVE_COMPILATION_CONDITIONS = DEBUG;
				SWIFT_OPTIMIZATION_LEVEL = "-Onone";
			};
			name = Debug;
		};
		EAD5B46820547A350027B279 /* Release */ = {
			isa = XCBuildConfiguration;
			buildSettings = {
				ALWAYS_SEARCH_USER_PATHS = NO;
				CLANG_ANALYZER_NONNULL = YES;
				CLANG_ANALYZER_NUMBER_OBJECT_CONVERSION = YES_AGGRESSIVE;
				CLANG_CXX_LANGUAGE_STANDARD = "gnu++14";
				CLANG_CXX_LIBRARY = "libc++";
				CLANG_ENABLE_MODULES = YES;
				CLANG_ENABLE_OBJC_ARC = YES;
				CLANG_WARN_BLOCK_CAPTURE_AUTORELEASING = YES;
				CLANG_WARN_BOOL_CONVERSION = YES;
				CLANG_WARN_COMMA = YES;
				CLANG_WARN_CONSTANT_CONVERSION = YES;
				CLANG_WARN_DIRECT_OBJC_ISA_USAGE = YES_ERROR;
				CLANG_WARN_DOCUMENTATION_COMMENTS = YES;
				CLANG_WARN_EMPTY_BODY = YES;
				CLANG_WARN_ENUM_CONVERSION = YES;
				CLANG_WARN_INFINITE_RECURSION = YES;
				CLANG_WARN_INT_CONVERSION = YES;
				CLANG_WARN_NON_LITERAL_NULL_CONVERSION = YES;
				CLANG_WARN_OBJC_LITERAL_CONVERSION = YES;
				CLANG_WARN_OBJC_ROOT_CLASS = YES_ERROR;
				CLANG_WARN_RANGE_LOOP_ANALYSIS = YES;
				CLANG_WARN_STRICT_PROTOTYPES = YES;
				CLANG_WARN_SUSPICIOUS_MOVE = YES;
				CLANG_WARN_UNGUARDED_AVAILABILITY = YES_AGGRESSIVE;
				CLANG_WARN_UNREACHABLE_CODE = YES;
				CLANG_WARN__DUPLICATE_METHOD_MATCH = YES;
				CODE_SIGN_IDENTITY = "iPhone Developer";
				COPY_PHASE_STRIP = NO;
				DEBUG_INFORMATION_FORMAT = "dwarf-with-dsym";
				ENABLE_NS_ASSERTIONS = NO;
				ENABLE_STRICT_OBJC_MSGSEND = YES;
				GCC_C_LANGUAGE_STANDARD = gnu11;
				GCC_NO_COMMON_BLOCKS = YES;
				GCC_WARN_64_TO_32_BIT_CONVERSION = YES;
				GCC_WARN_ABOUT_RETURN_TYPE = YES_ERROR;
				GCC_WARN_UNDECLARED_SELECTOR = YES;
				GCC_WARN_UNINITIALIZED_AUTOS = YES_AGGRESSIVE;
				GCC_WARN_UNUSED_FUNCTION = YES;
				GCC_WARN_UNUSED_VARIABLE = YES;
				IPHONEOS_DEPLOYMENT_TARGET = 11.2;
				MTL_ENABLE_DEBUG_INFO = NO;
				SDKROOT = iphoneos;
				SWIFT_OPTIMIZATION_LEVEL = "-Owholemodule";
				VALIDATE_PRODUCT = YES;
			};
			name = Release;
		};
		EAD5B46A20547A350027B279 /* Debug */ = {
			isa = XCBuildConfiguration;
			buildSettings = {
				ASSETCATALOG_COMPILER_APPICON_NAME = AppIcon;
				CODE_SIGN_STYLE = Automatic;
				DEVELOPMENT_TEAM = NF69TSV658;
				INFOPLIST_FILE = mediaPlayer/Info.plist;
				IPHONEOS_DEPLOYMENT_TARGET = 11.1;
				LD_RUNPATH_SEARCH_PATHS = "$(inherited) @executable_path/Frameworks";
				PRODUCT_BUNDLE_IDENTIFIER = com.ahyab.mediaPlayer;
				PRODUCT_NAME = "$(TARGET_NAME)";
				SWIFT_VERSION = 4.0;
				TARGETED_DEVICE_FAMILY = "1,2";
			};
			name = Debug;
		};
		EAD5B46B20547A350027B279 /* Release */ = {
			isa = XCBuildConfiguration;
			buildSettings = {
				ASSETCATALOG_COMPILER_APPICON_NAME = AppIcon;
				CODE_SIGN_STYLE = Automatic;
				DEVELOPMENT_TEAM = NF69TSV658;
				INFOPLIST_FILE = mediaPlayer/Info.plist;
				IPHONEOS_DEPLOYMENT_TARGET = 11.1;
				LD_RUNPATH_SEARCH_PATHS = "$(inherited) @executable_path/Frameworks";
				PRODUCT_BUNDLE_IDENTIFIER = com.ahyab.mediaPlayer;
				PRODUCT_NAME = "$(TARGET_NAME)";
				SWIFT_VERSION = 4.0;
				TARGETED_DEVICE_FAMILY = "1,2";
			};
			name = Release;
		};
/* End XCBuildConfiguration section */

/* Begin XCConfigurationList section */
		EAD5B45220547A350027B279 /* Build configuration list for PBXProject "mediaPlayer" */ = {
			isa = XCConfigurationList;
			buildConfigurations = (
				EAD5B46720547A350027B279 /* Debug */,
				EAD5B46820547A350027B279 /* Release */,
			);
			defaultConfigurationIsVisible = 0;
			defaultConfigurationName = Release;
		};
		EAD5B46920547A350027B279 /* Build configuration list for PBXNativeTarget "mediaPlayer" */ = {
			isa = XCConfigurationList;
			buildConfigurations = (
				EAD5B46A20547A350027B279 /* Debug */,
				EAD5B46B20547A350027B279 /* Release */,
			);
			defaultConfigurationIsVisible = 0;
			defaultConfigurationName = Release;
		};
/* End XCConfigurationList section */
	};
	rootObject = EAD5B44F20547A350027B279 /* Project object */;
}
